
Microsoft Visual Studio Solution File, Format Version 12.00
# Visual Studio Version 17
VisualStudioVersion = 17.5.33424.131
MinimumVisualStudioVersion = 10.0.40219.1
Project("{FAE04EC0-301F-11D3-BF4B-00C04F79EFBC}") = "Lucrare-licenta", "Lucrare-licenta\Lucrare-licenta.csproj", "{48FF4D22-16B8-4463-A022-0F12CC798B22}"
EndProject
Global
	GlobalSection(SolutionConfigurationPlatforms) = preSolution
		Debug|Any CPU = Debug|Any CPU
		Release|Any CPU = Release|Any CPU
	EndGlobalSection
	GlobalSection(ProjectConfigurationPlatforms) = postSolution
		{48FF4D22-16B8-4463-A022-0F12CC798B22}.Debug|Any CPU.ActiveCfg = Debug|Any CPU
		{48FF4D22-16B8-4463-A022-0F12CC798B22}.Debug|Any CPU.Build.0 = Debug|Any CPU
		{48FF4D22-16B8-4463-A022-0F12CC798B22}.Release|Any CPU.ActiveCfg = Release|Any CPU
		{48FF4D22-16B8-4463-A022-0F12CC798B22}.Release|Any CPU.Build.0 = Release|Any CPU
	EndGlobalSection
	GlobalSection(SolutionProperties) = preSolution
		HideSolutionNode = FALSE
	EndGlobalSection
	GlobalSection(ExtensibilityGlobals) = postSolution
		SolutionGuid = {9F9590F5-2565-4F26-A9E0-10C7D418BCFA}
	EndGlobalSection
EndGlobal
